
Microsoft Visual Studio Solution File, Format Version 12.00
# Visual Studio Version 17
VisualStudioVersion = 17.8.34330.188
MinimumVisualStudioVersion = 10.0.40219.1
Project("{FAE04EC0-301F-11D3-BF4B-00C04F79EFBC}") = "EnityFrameworkRelationShip", "EnityFrameworkRelationShip\EnityFrameworkRelationShip.csproj", "{D03F5234-7D89-40D4-865F-64F566C24FCD}"
EndProject
Global
	GlobalSection(SolutionConfigurationPlatforms) = preSolution
		Debug|Any CPU = Debug|Any CPU
		Release|Any CPU = Release|Any CPU
	EndGlobalSection
	GlobalSection(ProjectConfigurationPlatforms) = postSolution
		{D03F5234-7D89-40D4-865F-64F566C24FCD}.Debug|Any CPU.ActiveCfg = Debug|Any CPU
		{D03F5234-7D89-40D4-865F-64F566C24FCD}.Debug|Any CPU.Build.0 = Debug|Any CPU
		{D03F5234-7D89-40D4-865F-64F566C24FCD}.Release|Any CPU.ActiveCfg = Release|Any CPU
		{D03F5234-7D89-40D4-865F-64F566C24FCD}.Release|Any CPU.Build.0 = Release|Any CPU
	EndGlobalSection
	GlobalSection(SolutionProperties) = preSolution
		HideSolutionNode = FALSE
	EndGlobalSection
	GlobalSection(ExtensibilityGlobals) = postSolution
		SolutionGuid = {C7D3D5E4-3458-4980-A170-99ECA193BDDD}
	EndGlobalSection
EndGlobal
